
Microsoft Visual Studio Solution File, Format Version 12.00
# Visual Studio Version 17
VisualStudioVersion = 17.8.34330.188
MinimumVisualStudioVersion = 10.0.40219.1
Project("{2150E333-8FDC-42A3-9474-1A3956D46DE8}") = "应用程序项目（例程）", "应用程序项目（例程）", "{635C3D1E-8066-45D0-9BE2-25B9EF4292CD}"
EndProject
Project("{8BC9CEB8-8B4A-11D0-8D11-00A0C91BC942}") = "生成自定义图片", "生成自定义图片\生成自定义图片.vcxproj", "{425162A8-2F78-4F89-86CE-0AEF290DEB6B}"
EndProject
Project("{8BC9CEB8-8B4A-11D0-8D11-00A0C91BC942}") = "demo", "demo\demo.vcxproj", "{9D5CF511-E27F-4C51-8C11-B90EB014423D}"
EndProject
Project("{8BC9CEB8-8B4A-11D0-8D11-00A0C91BC942}") = "debug2", "debug2\debug2.vcxproj", "{01C8355D-74BE-4AD5-90B3-768A4812AB43}"
EndProject
Project("{2150E333-8FDC-42A3-9474-1A3956D46DE8}") = "库项目", "库项目", "{A9146C66-9FD2-4EB4-9CF2-0CAC1FFEF24D}"
EndProject
Project("{8BC9CEB8-8B4A-11D0-8D11-00A0C91BC942}") = "兰顿蚂蚁", "兰顿蚂蚁\兰顿蚂蚁.vcxproj", "{CA59F607-D098-4027-8C45-F37341575D42}"
EndProject
Project("{8BC9CEB8-8B4A-11D0-8D11-00A0C91BC942}") = "Le_Petit_C-winmain", "Le_Petit_C-winmain\Le_Petit_C-winmain.vcxproj", "{9B7B389F-F91D-4901-BEF6-D95D483E8161}"
EndProject
Project("{8BC9CEB8-8B4A-11D0-8D11-00A0C91BC942}") = "Le_Petit_C-libs", "Le_Petit_C-libs\Le_Petit_C-libs.vcxproj", "{9BF86BB5-64C6-40FF-B2FB-9EE175348BCE}"
EndProject
Project("{8BC9CEB8-8B4A-11D0-8D11-00A0C91BC942}") = "Le_Petit_C-wndex", "Le_Petit_C-wndex\Le_Petit_C-wndex.vcxproj", "{F415AD34-AF80-41E4-954E-5D001CE3D998}"
EndProject
Project("{8BC9CEB8-8B4A-11D0-8D11-00A0C91BC942}") = "debug1", "debug1\debug1.vcxproj", "{680118BF-8055-4C4F-A84D-DF7D2F1E29EB}"
EndProject
Global
	GlobalSection(SolutionConfigurationPlatforms) = preSolution
		Debug|x64 = Debug|x64
		Debug|x86 = Debug|x86
		Profile|x64 = Profile|x64
		Profile|x86 = Profile|x86
		Release|x64 = Release|x64
		Release|x86 = Release|x86
	EndGlobalSection
	GlobalSection(ProjectConfigurationPlatforms) = postSolution
		{425162A8-2F78-4F89-86CE-0AEF290DEB6B}.Debug|x64.ActiveCfg = Debug|x64
		{425162A8-2F78-4F89-86CE-0AEF290DEB6B}.Debug|x64.Build.0 = Debug|x64
		{425162A8-2F78-4F89-86CE-0AEF290DEB6B}.Debug|x86.ActiveCfg = Debug|Win32
		{425162A8-2F78-4F89-86CE-0AEF290DEB6B}.Debug|x86.Build.0 = Debug|Win32
		{425162A8-2F78-4F89-86CE-0AEF290DEB6B}.Profile|x64.ActiveCfg = Release|x64
		{425162A8-2F78-4F89-86CE-0AEF290DEB6B}.Profile|x64.Build.0 = Release|x64
		{425162A8-2F78-4F89-86CE-0AEF290DEB6B}.Profile|x86.ActiveCfg = Release|Win32
		{425162A8-2F78-4F89-86CE-0AEF290DEB6B}.Profile|x86.Build.0 = Release|Win32
		{425162A8-2F78-4F89-86CE-0AEF290DEB6B}.Release|x64.ActiveCfg = Release|x64
		{425162A8-2F78-4F89-86CE-0AEF290DEB6B}.Release|x64.Build.0 = Release|x64
		{425162A8-2F78-4F89-86CE-0AEF290DEB6B}.Release|x86.ActiveCfg = Release|Win32
		{425162A8-2F78-4F89-86CE-0AEF290DEB6B}.Release|x86.Build.0 = Release|Win32
		{9D5CF511-E27F-4C51-8C11-B90EB014423D}.Debug|x64.ActiveCfg = Debug|x64
		{9D5CF511-E27F-4C51-8C11-B90EB014423D}.Debug|x64.Build.0 = Debug|x64
		{9D5CF511-E27F-4C51-8C11-B90EB014423D}.Debug|x86.ActiveCfg = Debug|Win32
		{9D5CF511-E27F-4C51-8C11-B90EB014423D}.Debug|x86.Build.0 = Debug|Win32
		{9D5CF511-E27F-4C51-8C11-B90EB014423D}.Profile|x64.ActiveCfg = Release|x64
		{9D5CF511-E27F-4C51-8C11-B90EB014423D}.Profile|x64.Build.0 = Release|x64
		{9D5CF511-E27F-4C51-8C11-B90EB014423D}.Profile|x86.ActiveCfg = Release|Win32
		{9D5CF511-E27F-4C51-8C11-B90EB014423D}.Profile|x86.Build.0 = Release|Win32
		{9D5CF511-E27F-4C51-8C11-B90EB014423D}.Release|x64.ActiveCfg = Release|x64
		{9D5CF511-E27F-4C51-8C11-B90EB014423D}.Release|x64.Build.0 = Release|x64
		{9D5CF511-E27F-4C51-8C11-B90EB014423D}.Release|x86.ActiveCfg = Release|Win32
		{9D5CF511-E27F-4C51-8C11-B90EB014423D}.Release|x86.Build.0 = Release|Win32
		{01C8355D-74BE-4AD5-90B3-768A4812AB43}.Debug|x64.ActiveCfg = Debug|x64
		{01C8355D-74BE-4AD5-90B3-768A4812AB43}.Debug|x64.Build.0 = Debug|x64
		{01C8355D-74BE-4AD5-90B3-768A4812AB43}.Debug|x86.ActiveCfg = Debug|Win32
		{01C8355D-74BE-4AD5-90B3-768A4812AB43}.Debug|x86.Build.0 = Debug|Win32
		{01C8355D-74BE-4AD5-90B3-768A4812AB43}.Profile|x64.ActiveCfg = Release|x64
		{01C8355D-74BE-4AD5-90B3-768A4812AB43}.Profile|x64.Build.0 = Release|x64
		{01C8355D-74BE-4AD5-90B3-768A4812AB43}.Profile|x86.ActiveCfg = Release|Win32
		{01C8355D-74BE-4AD5-90B3-768A4812AB43}.Profile|x86.Build.0 = Release|Win32
		{01C8355D-74BE-4AD5-90B3-768A4812AB43}.Release|x64.ActiveCfg = Release|x64
		{01C8355D-74BE-4AD5-90B3-768A4812AB43}.Release|x64.Build.0 = Release|x64
		{01C8355D-74BE-4AD5-90B3-768A4812AB43}.Release|x86.ActiveCfg = Release|Win32
		{01C8355D-74BE-4AD5-90B3-768A4812AB43}.Release|x86.Build.0 = Release|Win32
		{CA59F607-D098-4027-8C45-F37341575D42}.Debug|x64.ActiveCfg = Debug|x64
		{CA59F607-D098-4027-8C45-F37341575D42}.Debug|x64.Build.0 = Debug|x64
		{CA59F607-D098-4027-8C45-F37341575D42}.Debug|x86.ActiveCfg = Debug|Win32
		{CA59F607-D098-4027-8C45-F37341575D42}.Debug|x86.Build.0 = Debug|Win32
		{CA59F607-D098-4027-8C45-F37341575D42}.Profile|x64.ActiveCfg = Debug|x64
		{CA59F607-D098-4027-8C45-F37341575D42}.Profile|x64.Build.0 = Debug|x64
		{CA59F607-D098-4027-8C45-F37341575D42}.Profile|x86.ActiveCfg = Debug|Win32
		{CA59F607-D098-4027-8C45-F37341575D42}.Profile|x86.Build.0 = Debug|Win32
		{CA59F607-D098-4027-8C45-F37341575D42}.Release|x64.ActiveCfg = Release|x64
		{CA59F607-D098-4027-8C45-F37341575D42}.Release|x64.Build.0 = Release|x64
		{CA59F607-D098-4027-8C45-F37341575D42}.Release|x86.ActiveCfg = Release|Win32
		{CA59F607-D098-4027-8C45-F37341575D42}.Release|x86.Build.0 = Release|Win32
		{9B7B389F-F91D-4901-BEF6-D95D483E8161}.Debug|x64.ActiveCfg = Debug|x64
		{9B7B389F-F91D-4901-BEF6-D95D483E8161}.Debug|x64.Build.0 = Debug|x64
		{9B7B389F-F91D-4901-BEF6-D95D483E8161}.Debug|x86.ActiveCfg = Debug|Win32
		{9B7B389F-F91D-4901-BEF6-D95D483E8161}.Debug|x86.Build.0 = Debug|Win32
		{9B7B389F-F91D-4901-BEF6-D95D483E8161}.Profile|x64.ActiveCfg = Debug|x64
		{9B7B389F-F91D-4901-BEF6-D95D483E8161}.Profile|x64.Build.0 = Debug|x64
		{9B7B389F-F91D-4901-BEF6-D95D483E8161}.Profile|x86.ActiveCfg = Debug|Win32
		{9B7B389F-F91D-4901-BEF6-D95D483E8161}.Profile|x86.Build.0 = Debug|Win32
		{9B7B389F-F91D-4901-BEF6-D95D483E8161}.Release|x64.ActiveCfg = Release|x64
		{9B7B389F-F91D-4901-BEF6-D95D483E8161}.Release|x64.Build.0 = Release|x64
		{9B7B389F-F91D-4901-BEF6-D95D483E8161}.Release|x86.ActiveCfg = Release|Win32
		{9B7B389F-F91D-4901-BEF6-D95D483E8161}.Release|x86.Build.0 = Release|Win32
		{9BF86BB5-64C6-40FF-B2FB-9EE175348BCE}.Debug|x64.ActiveCfg = Debug|x64
		{9BF86BB5-64C6-40FF-B2FB-9EE175348BCE}.Debug|x64.Build.0 = Debug|x64
		{9BF86BB5-64C6-40FF-B2FB-9EE175348BCE}.Debug|x86.ActiveCfg = Debug|Win32
		{9BF86BB5-64C6-40FF-B2FB-9EE175348BCE}.Debug|x86.Build.0 = Debug|Win32
		{9BF86BB5-64C6-40FF-B2FB-9EE175348BCE}.Profile|x64.ActiveCfg = Profile|x64
		{9BF86BB5-64C6-40FF-B2FB-9EE175348BCE}.Profile|x64.Build.0 = Profile|x64
		{9BF86BB5-64C6-40FF-B2FB-9EE175348BCE}.Profile|x86.ActiveCfg = Profile|Win32
		{9BF86BB5-64C6-40FF-B2FB-9EE175348BCE}.Profile|x86.Build.0 = Profile|Win32
		{9BF86BB5-64C6-40FF-B2FB-9EE175348BCE}.Release|x64.ActiveCfg = Release|x64
		{9BF86BB5-64C6-40FF-B2FB-9EE175348BCE}.Release|x64.Build.0 = Release|x64
		{9BF86BB5-64C6-40FF-B2FB-9EE175348BCE}.Release|x86.ActiveCfg = Release|Win32
		{9BF86BB5-64C6-40FF-B2FB-9EE175348BCE}.Release|x86.Build.0 = Release|Win32
		{F415AD34-AF80-41E4-954E-5D001CE3D998}.Debug|x64.ActiveCfg = Debug|x64
		{F415AD34-AF80-41E4-954E-5D001CE3D998}.Debug|x64.Build.0 = Debug|x64
		{F415AD34-AF80-41E4-954E-5D001CE3D998}.Debug|x86.ActiveCfg = Debug|Win32
		{F415AD34-AF80-41E4-954E-5D001CE3D998}.Debug|x86.Build.0 = Debug|Win32
		{F415AD34-AF80-41E4-954E-5D001CE3D998}.Profile|x64.ActiveCfg = Debug|x64
		{F415AD34-AF80-41E4-954E-5D001CE3D998}.Profile|x64.Build.0 = Debug|x64
		{F415AD34-AF80-41E4-954E-5D001CE3D998}.Profile|x86.ActiveCfg = Debug|Win32
		{F415AD34-AF80-41E4-954E-5D001CE3D998}.Profile|x86.Build.0 = Debug|Win32
		{F415AD34-AF80-41E4-954E-5D001CE3D998}.Release|x64.ActiveCfg = Release|x64
		{F415AD34-AF80-41E4-954E-5D001CE3D998}.Release|x64.Build.0 = Release|x64
		{F415AD34-AF80-41E4-954E-5D001CE3D998}.Release|x86.ActiveCfg = Release|Win32
		{F415AD34-AF80-41E4-954E-5D001CE3D998}.Release|x86.Build.0 = Release|Win32
		{680118BF-8055-4C4F-A84D-DF7D2F1E29EB}.Debug|x64.ActiveCfg = Debug|x64
		{680118BF-8055-4C4F-A84D-DF7D2F1E29EB}.Debug|x64.Build.0 = Debug|x64
		{680118BF-8055-4C4F-A84D-DF7D2F1E29EB}.Debug|x86.ActiveCfg = Debug|Win32
		{680118BF-8055-4C4F-A84D-DF7D2F1E29EB}.Debug|x86.Build.0 = Debug|Win32
		{680118BF-8055-4C4F-A84D-DF7D2F1E29EB}.Profile|x64.ActiveCfg = Debug|x64
		{680118BF-8055-4C4F-A84D-DF7D2F1E29EB}.Profile|x64.Build.0 = Debug|x64
		{680118BF-8055-4C4F-A84D-DF7D2F1E29EB}.Profile|x86.ActiveCfg = Debug|Win32
		{680118BF-8055-4C4F-A84D-DF7D2F1E29EB}.Profile|x86.Build.0 = Debug|Win32
		{680118BF-8055-4C4F-A84D-DF7D2F1E29EB}.Release|x64.ActiveCfg = Release|x64
		{680118BF-8055-4C4F-A84D-DF7D2F1E29EB}.Release|x64.Build.0 = Release|x64
		{680118BF-8055-4C4F-A84D-DF7D2F1E29EB}.Release|x86.ActiveCfg = Release|Win32
		{680118BF-8055-4C4F-A84D-DF7D2F1E29EB}.Release|x86.Build.0 = Release|Win32
	EndGlobalSection
	GlobalSection(SolutionProperties) = preSolution
		HideSolutionNode = FALSE
	EndGlobalSection
	GlobalSection(NestedProjects) = preSolution
		{425162A8-2F78-4F89-86CE-0AEF290DEB6B} = {635C3D1E-8066-45D0-9BE2-25B9EF4292CD}
		{9D5CF511-E27F-4C51-8C11-B90EB014423D} = {635C3D1E-8066-45D0-9BE2-25B9EF4292CD}
		{01C8355D-74BE-4AD5-90B3-768A4812AB43} = {635C3D1E-8066-45D0-9BE2-25B9EF4292CD}
		{CA59F607-D098-4027-8C45-F37341575D42} = {635C3D1E-8066-45D0-9BE2-25B9EF4292CD}
		{9B7B389F-F91D-4901-BEF6-D95D483E8161} = {A9146C66-9FD2-4EB4-9CF2-0CAC1FFEF24D}
		{9BF86BB5-64C6-40FF-B2FB-9EE175348BCE} = {A9146C66-9FD2-4EB4-9CF2-0CAC1FFEF24D}
		{F415AD34-AF80-41E4-954E-5D001CE3D998} = {A9146C66-9FD2-4EB4-9CF2-0CAC1FFEF24D}
		{680118BF-8055-4C4F-A84D-DF7D2F1E29EB} = {635C3D1E-8066-45D0-9BE2-25B9EF4292CD}
	EndGlobalSection
	GlobalSection(ExtensibilityGlobals) = postSolution
		SolutionGuid = {9BD503FE-0274-4E09-8621-099C808A2B7E}
	EndGlobalSection
EndGlobal
