
Microsoft Visual Studio Solution File, Format Version 12.00
# Visual Studio Version 17
VisualStudioVersion = 17.8.34330.188
MinimumVisualStudioVersion = 10.0.40219.1
Project("{2150E333-8FDC-42A3-9474-1A3956D46DE8}") = "应用程序项目（例程）", "应用程序项目（例程）", "{635C3D1E-8066-45D0-9BE2-25B9EF4292CD}"
EndProject
Project("{8BC9CEB8-8B4A-11D0-8D11-00A0C91BC942}") = "生成自定义图片", "生成自定义图片\生成自定义图片.vcxproj", "{425162A8-2F78-4F89-86CE-0AEF290DEB6B}"
EndProject
Project("{8BC9CEB8-8B4A-11D0-8D11-00A0C91BC942}") = "demo", "demo\demo.vcxproj", "{9D5CF511-E27F-4C51-8C11-B90EB014423D}"
	ProjectSection(ProjectDependencies) = postProject
		{31821AC9-B600-4E0A-9DB4-4066A3C6E764} = {31821AC9-B600-4E0A-9DB4-4066A3C6E764}
		{5C27E249-DA4C-4471-94BB-A7A6BAFF4DCF} = {5C27E249-DA4C-4471-94BB-A7A6BAFF4DCF}
	EndProjectSection
EndProject
Project("{8BC9CEB8-8B4A-11D0-8D11-00A0C91BC942}") = "debug2", "debug2\debug2.vcxproj", "{01C8355D-74BE-4AD5-90B3-768A4812AB43}"
EndProject
Project("{2150E333-8FDC-42A3-9474-1A3956D46DE8}") = "库项目", "库项目", "{A9146C66-9FD2-4EB4-9CF2-0CAC1FFEF24D}"
	ProjectSection(SolutionItems) = preProject
		include\LPCthread.h = include\LPCthread.h
	EndProjectSection
EndProject
Project("{8BC9CEB8-8B4A-11D0-8D11-00A0C91BC942}") = "兰顿蚂蚁", "兰顿蚂蚁\兰顿蚂蚁.vcxproj", "{CA59F607-D098-4027-8C45-F37341575D42}"
EndProject
Project("{8BC9CEB8-8B4A-11D0-8D11-00A0C91BC942}") = "Le_Petit_C-libs", "Le_Petit_C-libs\Le_Petit_C-libs.vcxproj", "{9BF86BB5-64C6-40FF-B2FB-9EE175348BCE}"
EndProject
Project("{8BC9CEB8-8B4A-11D0-8D11-00A0C91BC942}") = "debug1", "debug1\debug1.vcxproj", "{680118BF-8055-4C4F-A84D-DF7D2F1E29EB}"
	ProjectSection(ProjectDependencies) = postProject
		{9BF86BB5-64C6-40FF-B2FB-9EE175348BCE} = {9BF86BB5-64C6-40FF-B2FB-9EE175348BCE}
	EndProjectSection
EndProject
Project("{8BC9CEB8-8B4A-11D0-8D11-00A0C91BC942}") = "test", "test\test.vcxproj", "{D8B26500-8748-4118-8F34-8E7B50118C3A}"
EndProject
Project("{8BC9CEB8-8B4A-11D0-8D11-00A0C91BC942}") = "Snake", "Snake\Snake.vcxproj", "{434ED7B6-8D3E-483E-BDD6-35541649F8D7}"
EndProject
Project("{8BC9CEB8-8B4A-11D0-8D11-00A0C91BC942}") = "Grid_circuit", "Grid_circuit\Grid_circuit.vcxproj", "{D960DF41-3A20-4DA0-9661-FC6BCF68EC20}"
	ProjectSection(ProjectDependencies) = postProject
		{0A02824E-04C1-4CE3-82C4-9BB32C4817BC} = {0A02824E-04C1-4CE3-82C4-9BB32C4817BC}
	EndProjectSection
EndProject
Project("{8BC9CEB8-8B4A-11D0-8D11-00A0C91BC942}") = "testlib", "testlib\testlib.vcxproj", "{5D44198A-04D4-411E-B74F-F07E03A8DC99}"
	ProjectSection(ProjectDependencies) = postProject
		{0C704E70-7938-46C0-BBB9-6607C3723457} = {0C704E70-7938-46C0-BBB9-6607C3723457}
	EndProjectSection
EndProject
Project("{8BC9CEB8-8B4A-11D0-8D11-00A0C91BC942}") = "testProject", "testProject\testProject.vcxproj", "{44BC4278-58F7-4B20-9230-B91A0B1006BF}"
	ProjectSection(ProjectDependencies) = postProject
		{0C704E70-7938-46C0-BBB9-6607C3723457} = {0C704E70-7938-46C0-BBB9-6607C3723457}
		{31821AC9-B600-4E0A-9DB4-4066A3C6E764} = {31821AC9-B600-4E0A-9DB4-4066A3C6E764}
		{463155F6-38D6-41AC-87E3-6F3FAC4F81DF} = {463155F6-38D6-41AC-87E3-6F3FAC4F81DF}
		{50C51B0C-0F70-48EA-A371-D04FE5EBAF17} = {50C51B0C-0F70-48EA-A371-D04FE5EBAF17}
		{5C27E249-DA4C-4471-94BB-A7A6BAFF4DCF} = {5C27E249-DA4C-4471-94BB-A7A6BAFF4DCF}
		{840B8366-0E49-4B35-95FA-969E602F05EC} = {840B8366-0E49-4B35-95FA-969E602F05EC}
		{DFCAC6B4-A6B3-4924-BA4D-899F5D02C248} = {DFCAC6B4-A6B3-4924-BA4D-899F5D02C248}
	EndProjectSection
EndProject
Project("{8BC9CEB8-8B4A-11D0-8D11-00A0C91BC942}") = "LPCdebug", "LPCdebug\LPCdebug.vcxproj", "{0C704E70-7938-46C0-BBB9-6607C3723457}"
EndProject
Project("{8BC9CEB8-8B4A-11D0-8D11-00A0C91BC942}") = "LPCwnd", "LPCwnd\LPCwnd.vcxproj", "{463155F6-38D6-41AC-87E3-6F3FAC4F81DF}"
	ProjectSection(ProjectDependencies) = postProject
		{0C704E70-7938-46C0-BBB9-6607C3723457} = {0C704E70-7938-46C0-BBB9-6607C3723457}
		{DFCAC6B4-A6B3-4924-BA4D-899F5D02C248} = {DFCAC6B4-A6B3-4924-BA4D-899F5D02C248}
	EndProjectSection
EndProject
Project("{8BC9CEB8-8B4A-11D0-8D11-00A0C91BC942}") = "LPCextra", "LPCextra\LPCextra.vcxproj", "{DFCAC6B4-A6B3-4924-BA4D-899F5D02C248}"
EndProject
Project("{8BC9CEB8-8B4A-11D0-8D11-00A0C91BC942}") = "LPCwinmain", "LPCwinmain\LPCwinmain.vcxproj", "{31821AC9-B600-4E0A-9DB4-4066A3C6E764}"
EndProject
Project("{8BC9CEB8-8B4A-11D0-8D11-00A0C91BC942}") = "LPCgraphics", "LPCgraphics\LPCgraphics.vcxproj", "{3176B832-3C14-4C4F-BC3B-FD59252DC9C2}"
	ProjectSection(ProjectDependencies) = postProject
		{463155F6-38D6-41AC-87E3-6F3FAC4F81DF} = {463155F6-38D6-41AC-87E3-6F3FAC4F81DF}
	EndProjectSection
EndProject
Project("{8BC9CEB8-8B4A-11D0-8D11-00A0C91BC942}") = "LPCgraphicsBase", "LPCgraphicsBase\LPCgraphicsBase.vcxproj", "{840B8366-0E49-4B35-95FA-969E602F05EC}"
EndProject
Project("{8BC9CEB8-8B4A-11D0-8D11-00A0C91BC942}") = "LPCgdiplusgraphics", "LPCgdiplusgraphics\LPCgdiplusgraphics.vcxproj", "{50C51B0C-0F70-48EA-A371-D04FE5EBAF17}"
	ProjectSection(ProjectDependencies) = postProject
		{840B8366-0E49-4B35-95FA-969E602F05EC} = {840B8366-0E49-4B35-95FA-969E602F05EC}
	EndProjectSection
EndProject
Project("{2150E333-8FDC-42A3-9474-1A3956D46DE8}") = "tests and debugs", "tests and debugs", "{FCE14376-CB9A-47AB-A1BE-3163F0992554}"
EndProject
Project("{8BC9CEB8-8B4A-11D0-8D11-00A0C91BC942}") = "LPCgamewnd", "LPCgamewnd\LPCgamewnd.vcxproj", "{0A02824E-04C1-4CE3-82C4-9BB32C4817BC}"
	ProjectSection(ProjectDependencies) = postProject
		{31821AC9-B600-4E0A-9DB4-4066A3C6E764} = {31821AC9-B600-4E0A-9DB4-4066A3C6E764}
		{50C51B0C-0F70-48EA-A371-D04FE5EBAF17} = {50C51B0C-0F70-48EA-A371-D04FE5EBAF17}
		{5C27E249-DA4C-4471-94BB-A7A6BAFF4DCF} = {5C27E249-DA4C-4471-94BB-A7A6BAFF4DCF}
		{840B8366-0E49-4B35-95FA-969E602F05EC} = {840B8366-0E49-4B35-95FA-969E602F05EC}
	EndProjectSection
EndProject
Project("{8BC9CEB8-8B4A-11D0-8D11-00A0C91BC942}") = "LPCwndex", "LPCwndex\LPCwndex.vcxproj", "{5C27E249-DA4C-4471-94BB-A7A6BAFF4DCF}"
	ProjectSection(ProjectDependencies) = postProject
		{463155F6-38D6-41AC-87E3-6F3FAC4F81DF} = {463155F6-38D6-41AC-87E3-6F3FAC4F81DF}
		{50C51B0C-0F70-48EA-A371-D04FE5EBAF17} = {50C51B0C-0F70-48EA-A371-D04FE5EBAF17}
	EndProjectSection
EndProject
Global
	GlobalSection(SolutionConfigurationPlatforms) = preSolution
		Debug|x64 = Debug|x64
		Debug|x86 = Debug|x86
		Profile|x64 = Profile|x64
		Profile|x86 = Profile|x86
		Release|x64 = Release|x64
		Release|x86 = Release|x86
	EndGlobalSection
	GlobalSection(ProjectConfigurationPlatforms) = postSolution
		{425162A8-2F78-4F89-86CE-0AEF290DEB6B}.Debug|x64.ActiveCfg = Debug|x64
		{425162A8-2F78-4F89-86CE-0AEF290DEB6B}.Debug|x64.Build.0 = Debug|x64
		{425162A8-2F78-4F89-86CE-0AEF290DEB6B}.Debug|x86.ActiveCfg = Debug|Win32
		{425162A8-2F78-4F89-86CE-0AEF290DEB6B}.Debug|x86.Build.0 = Debug|Win32
		{425162A8-2F78-4F89-86CE-0AEF290DEB6B}.Profile|x64.ActiveCfg = Release|x64
		{425162A8-2F78-4F89-86CE-0AEF290DEB6B}.Profile|x64.Build.0 = Release|x64
		{425162A8-2F78-4F89-86CE-0AEF290DEB6B}.Profile|x86.ActiveCfg = Release|Win32
		{425162A8-2F78-4F89-86CE-0AEF290DEB6B}.Profile|x86.Build.0 = Release|Win32
		{425162A8-2F78-4F89-86CE-0AEF290DEB6B}.Release|x64.ActiveCfg = Release|x64
		{425162A8-2F78-4F89-86CE-0AEF290DEB6B}.Release|x64.Build.0 = Release|x64
		{425162A8-2F78-4F89-86CE-0AEF290DEB6B}.Release|x86.ActiveCfg = Release|Win32
		{425162A8-2F78-4F89-86CE-0AEF290DEB6B}.Release|x86.Build.0 = Release|Win32
		{9D5CF511-E27F-4C51-8C11-B90EB014423D}.Debug|x64.ActiveCfg = Debug|x64
		{9D5CF511-E27F-4C51-8C11-B90EB014423D}.Debug|x64.Build.0 = Debug|x64
		{9D5CF511-E27F-4C51-8C11-B90EB014423D}.Debug|x86.ActiveCfg = Debug|Win32
		{9D5CF511-E27F-4C51-8C11-B90EB014423D}.Debug|x86.Build.0 = Debug|Win32
		{9D5CF511-E27F-4C51-8C11-B90EB014423D}.Profile|x64.ActiveCfg = Release|x64
		{9D5CF511-E27F-4C51-8C11-B90EB014423D}.Profile|x64.Build.0 = Release|x64
		{9D5CF511-E27F-4C51-8C11-B90EB014423D}.Profile|x86.ActiveCfg = Release|Win32
		{9D5CF511-E27F-4C51-8C11-B90EB014423D}.Profile|x86.Build.0 = Release|Win32
		{9D5CF511-E27F-4C51-8C11-B90EB014423D}.Release|x64.ActiveCfg = Release|x64
		{9D5CF511-E27F-4C51-8C11-B90EB014423D}.Release|x64.Build.0 = Release|x64
		{9D5CF511-E27F-4C51-8C11-B90EB014423D}.Release|x86.ActiveCfg = Release|Win32
		{9D5CF511-E27F-4C51-8C11-B90EB014423D}.Release|x86.Build.0 = Release|Win32
		{01C8355D-74BE-4AD5-90B3-768A4812AB43}.Debug|x64.ActiveCfg = Debug|x64
		{01C8355D-74BE-4AD5-90B3-768A4812AB43}.Debug|x64.Build.0 = Debug|x64
		{01C8355D-74BE-4AD5-90B3-768A4812AB43}.Debug|x86.ActiveCfg = Debug|Win32
		{01C8355D-74BE-4AD5-90B3-768A4812AB43}.Debug|x86.Build.0 = Debug|Win32
		{01C8355D-74BE-4AD5-90B3-768A4812AB43}.Profile|x64.ActiveCfg = Release|x64
		{01C8355D-74BE-4AD5-90B3-768A4812AB43}.Profile|x64.Build.0 = Release|x64
		{01C8355D-74BE-4AD5-90B3-768A4812AB43}.Profile|x86.ActiveCfg = Release|Win32
		{01C8355D-74BE-4AD5-90B3-768A4812AB43}.Profile|x86.Build.0 = Release|Win32
		{01C8355D-74BE-4AD5-90B3-768A4812AB43}.Release|x64.ActiveCfg = Release|x64
		{01C8355D-74BE-4AD5-90B3-768A4812AB43}.Release|x64.Build.0 = Release|x64
		{01C8355D-74BE-4AD5-90B3-768A4812AB43}.Release|x86.ActiveCfg = Release|Win32
		{01C8355D-74BE-4AD5-90B3-768A4812AB43}.Release|x86.Build.0 = Release|Win32
		{CA59F607-D098-4027-8C45-F37341575D42}.Debug|x64.ActiveCfg = Debug|x64
		{CA59F607-D098-4027-8C45-F37341575D42}.Debug|x64.Build.0 = Debug|x64
		{CA59F607-D098-4027-8C45-F37341575D42}.Debug|x86.ActiveCfg = Debug|Win32
		{CA59F607-D098-4027-8C45-F37341575D42}.Debug|x86.Build.0 = Debug|Win32
		{CA59F607-D098-4027-8C45-F37341575D42}.Profile|x64.ActiveCfg = Debug|x64
		{CA59F607-D098-4027-8C45-F37341575D42}.Profile|x64.Build.0 = Debug|x64
		{CA59F607-D098-4027-8C45-F37341575D42}.Profile|x86.ActiveCfg = Debug|Win32
		{CA59F607-D098-4027-8C45-F37341575D42}.Profile|x86.Build.0 = Debug|Win32
		{CA59F607-D098-4027-8C45-F37341575D42}.Release|x64.ActiveCfg = Release|x64
		{CA59F607-D098-4027-8C45-F37341575D42}.Release|x64.Build.0 = Release|x64
		{CA59F607-D098-4027-8C45-F37341575D42}.Release|x86.ActiveCfg = Release|Win32
		{CA59F607-D098-4027-8C45-F37341575D42}.Release|x86.Build.0 = Release|Win32
		{9BF86BB5-64C6-40FF-B2FB-9EE175348BCE}.Debug|x64.ActiveCfg = Debug|x64
		{9BF86BB5-64C6-40FF-B2FB-9EE175348BCE}.Debug|x64.Build.0 = Debug|x64
		{9BF86BB5-64C6-40FF-B2FB-9EE175348BCE}.Debug|x86.ActiveCfg = Debug|Win32
		{9BF86BB5-64C6-40FF-B2FB-9EE175348BCE}.Debug|x86.Build.0 = Debug|Win32
		{9BF86BB5-64C6-40FF-B2FB-9EE175348BCE}.Profile|x64.ActiveCfg = Profile|x64
		{9BF86BB5-64C6-40FF-B2FB-9EE175348BCE}.Profile|x64.Build.0 = Profile|x64
		{9BF86BB5-64C6-40FF-B2FB-9EE175348BCE}.Profile|x86.ActiveCfg = Profile|Win32
		{9BF86BB5-64C6-40FF-B2FB-9EE175348BCE}.Profile|x86.Build.0 = Profile|Win32
		{9BF86BB5-64C6-40FF-B2FB-9EE175348BCE}.Release|x64.ActiveCfg = Release|x64
		{9BF86BB5-64C6-40FF-B2FB-9EE175348BCE}.Release|x64.Build.0 = Release|x64
		{9BF86BB5-64C6-40FF-B2FB-9EE175348BCE}.Release|x86.ActiveCfg = Release|Win32
		{9BF86BB5-64C6-40FF-B2FB-9EE175348BCE}.Release|x86.Build.0 = Release|Win32
		{680118BF-8055-4C4F-A84D-DF7D2F1E29EB}.Debug|x64.ActiveCfg = Debug|x64
		{680118BF-8055-4C4F-A84D-DF7D2F1E29EB}.Debug|x64.Build.0 = Debug|x64
		{680118BF-8055-4C4F-A84D-DF7D2F1E29EB}.Debug|x86.ActiveCfg = Debug|Win32
		{680118BF-8055-4C4F-A84D-DF7D2F1E29EB}.Debug|x86.Build.0 = Debug|Win32
		{680118BF-8055-4C4F-A84D-DF7D2F1E29EB}.Profile|x64.ActiveCfg = Debug|x64
		{680118BF-8055-4C4F-A84D-DF7D2F1E29EB}.Profile|x64.Build.0 = Debug|x64
		{680118BF-8055-4C4F-A84D-DF7D2F1E29EB}.Profile|x86.ActiveCfg = Debug|Win32
		{680118BF-8055-4C4F-A84D-DF7D2F1E29EB}.Profile|x86.Build.0 = Debug|Win32
		{680118BF-8055-4C4F-A84D-DF7D2F1E29EB}.Release|x64.ActiveCfg = Release|x64
		{680118BF-8055-4C4F-A84D-DF7D2F1E29EB}.Release|x64.Build.0 = Release|x64
		{680118BF-8055-4C4F-A84D-DF7D2F1E29EB}.Release|x86.ActiveCfg = Release|Win32
		{680118BF-8055-4C4F-A84D-DF7D2F1E29EB}.Release|x86.Build.0 = Release|Win32
		{D8B26500-8748-4118-8F34-8E7B50118C3A}.Debug|x64.ActiveCfg = Debug|x64
		{D8B26500-8748-4118-8F34-8E7B50118C3A}.Debug|x64.Build.0 = Debug|x64
		{D8B26500-8748-4118-8F34-8E7B50118C3A}.Debug|x86.ActiveCfg = Debug|Win32
		{D8B26500-8748-4118-8F34-8E7B50118C3A}.Debug|x86.Build.0 = Debug|Win32
		{D8B26500-8748-4118-8F34-8E7B50118C3A}.Profile|x64.ActiveCfg = Debug|x64
		{D8B26500-8748-4118-8F34-8E7B50118C3A}.Profile|x64.Build.0 = Debug|x64
		{D8B26500-8748-4118-8F34-8E7B50118C3A}.Profile|x86.ActiveCfg = Debug|Win32
		{D8B26500-8748-4118-8F34-8E7B50118C3A}.Profile|x86.Build.0 = Debug|Win32
		{D8B26500-8748-4118-8F34-8E7B50118C3A}.Release|x64.ActiveCfg = Release|x64
		{D8B26500-8748-4118-8F34-8E7B50118C3A}.Release|x64.Build.0 = Release|x64
		{D8B26500-8748-4118-8F34-8E7B50118C3A}.Release|x86.ActiveCfg = Release|Win32
		{D8B26500-8748-4118-8F34-8E7B50118C3A}.Release|x86.Build.0 = Release|Win32
		{434ED7B6-8D3E-483E-BDD6-35541649F8D7}.Debug|x64.ActiveCfg = Debug|x64
		{434ED7B6-8D3E-483E-BDD6-35541649F8D7}.Debug|x64.Build.0 = Debug|x64
		{434ED7B6-8D3E-483E-BDD6-35541649F8D7}.Debug|x86.ActiveCfg = Debug|Win32
		{434ED7B6-8D3E-483E-BDD6-35541649F8D7}.Debug|x86.Build.0 = Debug|Win32
		{434ED7B6-8D3E-483E-BDD6-35541649F8D7}.Profile|x64.ActiveCfg = Debug|x64
		{434ED7B6-8D3E-483E-BDD6-35541649F8D7}.Profile|x64.Build.0 = Debug|x64
		{434ED7B6-8D3E-483E-BDD6-35541649F8D7}.Profile|x86.ActiveCfg = Debug|Win32
		{434ED7B6-8D3E-483E-BDD6-35541649F8D7}.Profile|x86.Build.0 = Debug|Win32
		{434ED7B6-8D3E-483E-BDD6-35541649F8D7}.Release|x64.ActiveCfg = Release|x64
		{434ED7B6-8D3E-483E-BDD6-35541649F8D7}.Release|x64.Build.0 = Release|x64
		{434ED7B6-8D3E-483E-BDD6-35541649F8D7}.Release|x86.ActiveCfg = Release|Win32
		{434ED7B6-8D3E-483E-BDD6-35541649F8D7}.Release|x86.Build.0 = Release|Win32
		{D960DF41-3A20-4DA0-9661-FC6BCF68EC20}.Debug|x64.ActiveCfg = Debug|x64
		{D960DF41-3A20-4DA0-9661-FC6BCF68EC20}.Debug|x64.Build.0 = Debug|x64
		{D960DF41-3A20-4DA0-9661-FC6BCF68EC20}.Debug|x86.ActiveCfg = Debug|Win32
		{D960DF41-3A20-4DA0-9661-FC6BCF68EC20}.Debug|x86.Build.0 = Debug|Win32
		{D960DF41-3A20-4DA0-9661-FC6BCF68EC20}.Profile|x64.ActiveCfg = Debug|x64
		{D960DF41-3A20-4DA0-9661-FC6BCF68EC20}.Profile|x64.Build.0 = Debug|x64
		{D960DF41-3A20-4DA0-9661-FC6BCF68EC20}.Profile|x86.ActiveCfg = Debug|Win32
		{D960DF41-3A20-4DA0-9661-FC6BCF68EC20}.Profile|x86.Build.0 = Debug|Win32
		{D960DF41-3A20-4DA0-9661-FC6BCF68EC20}.Release|x64.ActiveCfg = Release|x64
		{D960DF41-3A20-4DA0-9661-FC6BCF68EC20}.Release|x64.Build.0 = Release|x64
		{D960DF41-3A20-4DA0-9661-FC6BCF68EC20}.Release|x86.ActiveCfg = Release|Win32
		{D960DF41-3A20-4DA0-9661-FC6BCF68EC20}.Release|x86.Build.0 = Release|Win32
		{5D44198A-04D4-411E-B74F-F07E03A8DC99}.Debug|x64.ActiveCfg = Debug|x64
		{5D44198A-04D4-411E-B74F-F07E03A8DC99}.Debug|x64.Build.0 = Debug|x64
		{5D44198A-04D4-411E-B74F-F07E03A8DC99}.Debug|x86.ActiveCfg = Debug|Win32
		{5D44198A-04D4-411E-B74F-F07E03A8DC99}.Debug|x86.Build.0 = Debug|Win32
		{5D44198A-04D4-411E-B74F-F07E03A8DC99}.Profile|x64.ActiveCfg = Debug|x64
		{5D44198A-04D4-411E-B74F-F07E03A8DC99}.Profile|x64.Build.0 = Debug|x64
		{5D44198A-04D4-411E-B74F-F07E03A8DC99}.Profile|x86.ActiveCfg = Debug|Win32
		{5D44198A-04D4-411E-B74F-F07E03A8DC99}.Profile|x86.Build.0 = Debug|Win32
		{5D44198A-04D4-411E-B74F-F07E03A8DC99}.Release|x64.ActiveCfg = Release|x64
		{5D44198A-04D4-411E-B74F-F07E03A8DC99}.Release|x64.Build.0 = Release|x64
		{5D44198A-04D4-411E-B74F-F07E03A8DC99}.Release|x86.ActiveCfg = Release|Win32
		{5D44198A-04D4-411E-B74F-F07E03A8DC99}.Release|x86.Build.0 = Release|Win32
		{44BC4278-58F7-4B20-9230-B91A0B1006BF}.Debug|x64.ActiveCfg = Debug|x64
		{44BC4278-58F7-4B20-9230-B91A0B1006BF}.Debug|x64.Build.0 = Debug|x64
		{44BC4278-58F7-4B20-9230-B91A0B1006BF}.Debug|x86.ActiveCfg = Debug|Win32
		{44BC4278-58F7-4B20-9230-B91A0B1006BF}.Debug|x86.Build.0 = Debug|Win32
		{44BC4278-58F7-4B20-9230-B91A0B1006BF}.Profile|x64.ActiveCfg = Debug|x64
		{44BC4278-58F7-4B20-9230-B91A0B1006BF}.Profile|x64.Build.0 = Debug|x64
		{44BC4278-58F7-4B20-9230-B91A0B1006BF}.Profile|x86.ActiveCfg = Debug|Win32
		{44BC4278-58F7-4B20-9230-B91A0B1006BF}.Profile|x86.Build.0 = Debug|Win32
		{44BC4278-58F7-4B20-9230-B91A0B1006BF}.Release|x64.ActiveCfg = Release|x64
		{44BC4278-58F7-4B20-9230-B91A0B1006BF}.Release|x64.Build.0 = Release|x64
		{44BC4278-58F7-4B20-9230-B91A0B1006BF}.Release|x86.ActiveCfg = Release|Win32
		{44BC4278-58F7-4B20-9230-B91A0B1006BF}.Release|x86.Build.0 = Release|Win32
		{0C704E70-7938-46C0-BBB9-6607C3723457}.Debug|x64.ActiveCfg = Debug|x64
		{0C704E70-7938-46C0-BBB9-6607C3723457}.Debug|x64.Build.0 = Debug|x64
		{0C704E70-7938-46C0-BBB9-6607C3723457}.Debug|x86.ActiveCfg = Debug|Win32
		{0C704E70-7938-46C0-BBB9-6607C3723457}.Debug|x86.Build.0 = Debug|Win32
		{0C704E70-7938-46C0-BBB9-6607C3723457}.Profile|x64.ActiveCfg = Debug|x64
		{0C704E70-7938-46C0-BBB9-6607C3723457}.Profile|x64.Build.0 = Debug|x64
		{0C704E70-7938-46C0-BBB9-6607C3723457}.Profile|x86.ActiveCfg = Debug|Win32
		{0C704E70-7938-46C0-BBB9-6607C3723457}.Profile|x86.Build.0 = Debug|Win32
		{0C704E70-7938-46C0-BBB9-6607C3723457}.Release|x64.ActiveCfg = Release|x64
		{0C704E70-7938-46C0-BBB9-6607C3723457}.Release|x64.Build.0 = Release|x64
		{0C704E70-7938-46C0-BBB9-6607C3723457}.Release|x86.ActiveCfg = Release|Win32
		{0C704E70-7938-46C0-BBB9-6607C3723457}.Release|x86.Build.0 = Release|Win32
		{463155F6-38D6-41AC-87E3-6F3FAC4F81DF}.Debug|x64.ActiveCfg = Debug|x64
		{463155F6-38D6-41AC-87E3-6F3FAC4F81DF}.Debug|x64.Build.0 = Debug|x64
		{463155F6-38D6-41AC-87E3-6F3FAC4F81DF}.Debug|x86.ActiveCfg = Debug|Win32
		{463155F6-38D6-41AC-87E3-6F3FAC4F81DF}.Debug|x86.Build.0 = Debug|Win32
		{463155F6-38D6-41AC-87E3-6F3FAC4F81DF}.Profile|x64.ActiveCfg = Debug|x64
		{463155F6-38D6-41AC-87E3-6F3FAC4F81DF}.Profile|x64.Build.0 = Debug|x64
		{463155F6-38D6-41AC-87E3-6F3FAC4F81DF}.Profile|x86.ActiveCfg = Debug|Win32
		{463155F6-38D6-41AC-87E3-6F3FAC4F81DF}.Profile|x86.Build.0 = Debug|Win32
		{463155F6-38D6-41AC-87E3-6F3FAC4F81DF}.Release|x64.ActiveCfg = Release|x64
		{463155F6-38D6-41AC-87E3-6F3FAC4F81DF}.Release|x64.Build.0 = Release|x64
		{463155F6-38D6-41AC-87E3-6F3FAC4F81DF}.Release|x86.ActiveCfg = Release|Win32
		{463155F6-38D6-41AC-87E3-6F3FAC4F81DF}.Release|x86.Build.0 = Release|Win32
		{DFCAC6B4-A6B3-4924-BA4D-899F5D02C248}.Debug|x64.ActiveCfg = Debug|x64
		{DFCAC6B4-A6B3-4924-BA4D-899F5D02C248}.Debug|x64.Build.0 = Debug|x64
		{DFCAC6B4-A6B3-4924-BA4D-899F5D02C248}.Debug|x86.ActiveCfg = Debug|Win32
		{DFCAC6B4-A6B3-4924-BA4D-899F5D02C248}.Debug|x86.Build.0 = Debug|Win32
		{DFCAC6B4-A6B3-4924-BA4D-899F5D02C248}.Profile|x64.ActiveCfg = Debug|x64
		{DFCAC6B4-A6B3-4924-BA4D-899F5D02C248}.Profile|x64.Build.0 = Debug|x64
		{DFCAC6B4-A6B3-4924-BA4D-899F5D02C248}.Profile|x86.ActiveCfg = Debug|Win32
		{DFCAC6B4-A6B3-4924-BA4D-899F5D02C248}.Profile|x86.Build.0 = Debug|Win32
		{DFCAC6B4-A6B3-4924-BA4D-899F5D02C248}.Release|x64.ActiveCfg = Release|x64
		{DFCAC6B4-A6B3-4924-BA4D-899F5D02C248}.Release|x64.Build.0 = Release|x64
		{DFCAC6B4-A6B3-4924-BA4D-899F5D02C248}.Release|x86.ActiveCfg = Release|Win32
		{DFCAC6B4-A6B3-4924-BA4D-899F5D02C248}.Release|x86.Build.0 = Release|Win32
		{31821AC9-B600-4E0A-9DB4-4066A3C6E764}.Debug|x64.ActiveCfg = Debug|x64
		{31821AC9-B600-4E0A-9DB4-4066A3C6E764}.Debug|x64.Build.0 = Debug|x64
		{31821AC9-B600-4E0A-9DB4-4066A3C6E764}.Debug|x86.ActiveCfg = Debug|Win32
		{31821AC9-B600-4E0A-9DB4-4066A3C6E764}.Debug|x86.Build.0 = Debug|Win32
		{31821AC9-B600-4E0A-9DB4-4066A3C6E764}.Profile|x64.ActiveCfg = Debug|x64
		{31821AC9-B600-4E0A-9DB4-4066A3C6E764}.Profile|x64.Build.0 = Debug|x64
		{31821AC9-B600-4E0A-9DB4-4066A3C6E764}.Profile|x86.ActiveCfg = Debug|Win32
		{31821AC9-B600-4E0A-9DB4-4066A3C6E764}.Profile|x86.Build.0 = Debug|Win32
		{31821AC9-B600-4E0A-9DB4-4066A3C6E764}.Release|x64.ActiveCfg = Release|x64
		{31821AC9-B600-4E0A-9DB4-4066A3C6E764}.Release|x64.Build.0 = Release|x64
		{31821AC9-B600-4E0A-9DB4-4066A3C6E764}.Release|x86.ActiveCfg = Release|Win32
		{31821AC9-B600-4E0A-9DB4-4066A3C6E764}.Release|x86.Build.0 = Release|Win32
		{3176B832-3C14-4C4F-BC3B-FD59252DC9C2}.Debug|x64.ActiveCfg = Debug|x64
		{3176B832-3C14-4C4F-BC3B-FD59252DC9C2}.Debug|x64.Build.0 = Debug|x64
		{3176B832-3C14-4C4F-BC3B-FD59252DC9C2}.Debug|x86.ActiveCfg = Debug|Win32
		{3176B832-3C14-4C4F-BC3B-FD59252DC9C2}.Debug|x86.Build.0 = Debug|Win32
		{3176B832-3C14-4C4F-BC3B-FD59252DC9C2}.Profile|x64.ActiveCfg = Debug|x64
		{3176B832-3C14-4C4F-BC3B-FD59252DC9C2}.Profile|x64.Build.0 = Debug|x64
		{3176B832-3C14-4C4F-BC3B-FD59252DC9C2}.Profile|x86.ActiveCfg = Debug|Win32
		{3176B832-3C14-4C4F-BC3B-FD59252DC9C2}.Profile|x86.Build.0 = Debug|Win32
		{3176B832-3C14-4C4F-BC3B-FD59252DC9C2}.Release|x64.ActiveCfg = Release|x64
		{3176B832-3C14-4C4F-BC3B-FD59252DC9C2}.Release|x64.Build.0 = Release|x64
		{3176B832-3C14-4C4F-BC3B-FD59252DC9C2}.Release|x86.ActiveCfg = Release|Win32
		{3176B832-3C14-4C4F-BC3B-FD59252DC9C2}.Release|x86.Build.0 = Release|Win32
		{840B8366-0E49-4B35-95FA-969E602F05EC}.Debug|x64.ActiveCfg = Debug|x64
		{840B8366-0E49-4B35-95FA-969E602F05EC}.Debug|x64.Build.0 = Debug|x64
		{840B8366-0E49-4B35-95FA-969E602F05EC}.Debug|x86.ActiveCfg = Debug|Win32
		{840B8366-0E49-4B35-95FA-969E602F05EC}.Debug|x86.Build.0 = Debug|Win32
		{840B8366-0E49-4B35-95FA-969E602F05EC}.Profile|x64.ActiveCfg = Debug|x64
		{840B8366-0E49-4B35-95FA-969E602F05EC}.Profile|x64.Build.0 = Debug|x64
		{840B8366-0E49-4B35-95FA-969E602F05EC}.Profile|x86.ActiveCfg = Debug|Win32
		{840B8366-0E49-4B35-95FA-969E602F05EC}.Profile|x86.Build.0 = Debug|Win32
		{840B8366-0E49-4B35-95FA-969E602F05EC}.Release|x64.ActiveCfg = Release|x64
		{840B8366-0E49-4B35-95FA-969E602F05EC}.Release|x64.Build.0 = Release|x64
		{840B8366-0E49-4B35-95FA-969E602F05EC}.Release|x86.ActiveCfg = Release|Win32
		{840B8366-0E49-4B35-95FA-969E602F05EC}.Release|x86.Build.0 = Release|Win32
		{50C51B0C-0F70-48EA-A371-D04FE5EBAF17}.Debug|x64.ActiveCfg = Debug|x64
		{50C51B0C-0F70-48EA-A371-D04FE5EBAF17}.Debug|x64.Build.0 = Debug|x64
		{50C51B0C-0F70-48EA-A371-D04FE5EBAF17}.Debug|x86.ActiveCfg = Debug|Win32
		{50C51B0C-0F70-48EA-A371-D04FE5EBAF17}.Debug|x86.Build.0 = Debug|Win32
		{50C51B0C-0F70-48EA-A371-D04FE5EBAF17}.Profile|x64.ActiveCfg = Debug|x64
		{50C51B0C-0F70-48EA-A371-D04FE5EBAF17}.Profile|x64.Build.0 = Debug|x64
		{50C51B0C-0F70-48EA-A371-D04FE5EBAF17}.Profile|x86.ActiveCfg = Debug|Win32
		{50C51B0C-0F70-48EA-A371-D04FE5EBAF17}.Profile|x86.Build.0 = Debug|Win32
		{50C51B0C-0F70-48EA-A371-D04FE5EBAF17}.Release|x64.ActiveCfg = Release|x64
		{50C51B0C-0F70-48EA-A371-D04FE5EBAF17}.Release|x64.Build.0 = Release|x64
		{50C51B0C-0F70-48EA-A371-D04FE5EBAF17}.Release|x86.ActiveCfg = Release|Win32
		{50C51B0C-0F70-48EA-A371-D04FE5EBAF17}.Release|x86.Build.0 = Release|Win32
		{0A02824E-04C1-4CE3-82C4-9BB32C4817BC}.Debug|x64.ActiveCfg = Debug|x64
		{0A02824E-04C1-4CE3-82C4-9BB32C4817BC}.Debug|x64.Build.0 = Debug|x64
		{0A02824E-04C1-4CE3-82C4-9BB32C4817BC}.Debug|x86.ActiveCfg = Debug|Win32
		{0A02824E-04C1-4CE3-82C4-9BB32C4817BC}.Debug|x86.Build.0 = Debug|Win32
		{0A02824E-04C1-4CE3-82C4-9BB32C4817BC}.Profile|x64.ActiveCfg = Debug|x64
		{0A02824E-04C1-4CE3-82C4-9BB32C4817BC}.Profile|x64.Build.0 = Debug|x64
		{0A02824E-04C1-4CE3-82C4-9BB32C4817BC}.Profile|x86.ActiveCfg = Debug|Win32
		{0A02824E-04C1-4CE3-82C4-9BB32C4817BC}.Profile|x86.Build.0 = Debug|Win32
		{0A02824E-04C1-4CE3-82C4-9BB32C4817BC}.Release|x64.ActiveCfg = Release|x64
		{0A02824E-04C1-4CE3-82C4-9BB32C4817BC}.Release|x64.Build.0 = Release|x64
		{0A02824E-04C1-4CE3-82C4-9BB32C4817BC}.Release|x86.ActiveCfg = Release|Win32
		{0A02824E-04C1-4CE3-82C4-9BB32C4817BC}.Release|x86.Build.0 = Release|Win32
		{5C27E249-DA4C-4471-94BB-A7A6BAFF4DCF}.Debug|x64.ActiveCfg = Debug|x64
		{5C27E249-DA4C-4471-94BB-A7A6BAFF4DCF}.Debug|x64.Build.0 = Debug|x64
		{5C27E249-DA4C-4471-94BB-A7A6BAFF4DCF}.Debug|x86.ActiveCfg = Debug|Win32
		{5C27E249-DA4C-4471-94BB-A7A6BAFF4DCF}.Debug|x86.Build.0 = Debug|Win32
		{5C27E249-DA4C-4471-94BB-A7A6BAFF4DCF}.Profile|x64.ActiveCfg = Debug|x64
		{5C27E249-DA4C-4471-94BB-A7A6BAFF4DCF}.Profile|x64.Build.0 = Debug|x64
		{5C27E249-DA4C-4471-94BB-A7A6BAFF4DCF}.Profile|x86.ActiveCfg = Debug|Win32
		{5C27E249-DA4C-4471-94BB-A7A6BAFF4DCF}.Profile|x86.Build.0 = Debug|Win32
		{5C27E249-DA4C-4471-94BB-A7A6BAFF4DCF}.Release|x64.ActiveCfg = Release|x64
		{5C27E249-DA4C-4471-94BB-A7A6BAFF4DCF}.Release|x64.Build.0 = Release|x64
		{5C27E249-DA4C-4471-94BB-A7A6BAFF4DCF}.Release|x86.ActiveCfg = Release|Win32
		{5C27E249-DA4C-4471-94BB-A7A6BAFF4DCF}.Release|x86.Build.0 = Release|Win32
	EndGlobalSection
	GlobalSection(SolutionProperties) = preSolution
		HideSolutionNode = FALSE
	EndGlobalSection
	GlobalSection(NestedProjects) = preSolution
		{425162A8-2F78-4F89-86CE-0AEF290DEB6B} = {635C3D1E-8066-45D0-9BE2-25B9EF4292CD}
		{9D5CF511-E27F-4C51-8C11-B90EB014423D} = {635C3D1E-8066-45D0-9BE2-25B9EF4292CD}
		{01C8355D-74BE-4AD5-90B3-768A4812AB43} = {FCE14376-CB9A-47AB-A1BE-3163F0992554}
		{CA59F607-D098-4027-8C45-F37341575D42} = {635C3D1E-8066-45D0-9BE2-25B9EF4292CD}
		{9BF86BB5-64C6-40FF-B2FB-9EE175348BCE} = {A9146C66-9FD2-4EB4-9CF2-0CAC1FFEF24D}
		{680118BF-8055-4C4F-A84D-DF7D2F1E29EB} = {FCE14376-CB9A-47AB-A1BE-3163F0992554}
		{D8B26500-8748-4118-8F34-8E7B50118C3A} = {FCE14376-CB9A-47AB-A1BE-3163F0992554}
		{434ED7B6-8D3E-483E-BDD6-35541649F8D7} = {635C3D1E-8066-45D0-9BE2-25B9EF4292CD}
		{D960DF41-3A20-4DA0-9661-FC6BCF68EC20} = {635C3D1E-8066-45D0-9BE2-25B9EF4292CD}
		{5D44198A-04D4-411E-B74F-F07E03A8DC99} = {A9146C66-9FD2-4EB4-9CF2-0CAC1FFEF24D}
		{44BC4278-58F7-4B20-9230-B91A0B1006BF} = {FCE14376-CB9A-47AB-A1BE-3163F0992554}
		{0C704E70-7938-46C0-BBB9-6607C3723457} = {A9146C66-9FD2-4EB4-9CF2-0CAC1FFEF24D}
		{463155F6-38D6-41AC-87E3-6F3FAC4F81DF} = {A9146C66-9FD2-4EB4-9CF2-0CAC1FFEF24D}
		{DFCAC6B4-A6B3-4924-BA4D-899F5D02C248} = {A9146C66-9FD2-4EB4-9CF2-0CAC1FFEF24D}
		{31821AC9-B600-4E0A-9DB4-4066A3C6E764} = {A9146C66-9FD2-4EB4-9CF2-0CAC1FFEF24D}
		{3176B832-3C14-4C4F-BC3B-FD59252DC9C2} = {A9146C66-9FD2-4EB4-9CF2-0CAC1FFEF24D}
		{840B8366-0E49-4B35-95FA-969E602F05EC} = {A9146C66-9FD2-4EB4-9CF2-0CAC1FFEF24D}
		{50C51B0C-0F70-48EA-A371-D04FE5EBAF17} = {A9146C66-9FD2-4EB4-9CF2-0CAC1FFEF24D}
		{FCE14376-CB9A-47AB-A1BE-3163F0992554} = {635C3D1E-8066-45D0-9BE2-25B9EF4292CD}
		{0A02824E-04C1-4CE3-82C4-9BB32C4817BC} = {A9146C66-9FD2-4EB4-9CF2-0CAC1FFEF24D}
		{5C27E249-DA4C-4471-94BB-A7A6BAFF4DCF} = {A9146C66-9FD2-4EB4-9CF2-0CAC1FFEF24D}
	EndGlobalSection
	GlobalSection(ExtensibilityGlobals) = postSolution
		SolutionGuid = {9BD503FE-0274-4E09-8621-099C808A2B7E}
	EndGlobalSection
EndGlobal
