<?xml version="1.0" encoding="utf-8"?>
<Project ToolsVersion="4.0" xmlns="http://schemas.microsoft.com/developer/msbuild/2003">
  <ItemGroup>
    <ClCompile Include="LPCwinmain.c">
      <Filter>源文件</Filter>
    </ClCompile>
    <ClCompile Include="LPCwinmain.cpp">
      <Filter>源文件</Filter>
    </ClCompile>
    <ClCompile Include="LPCwinmainA.cpp">
      <Filter>源文件</Filter>
    </ClCompile>
    <ClCompile Include="LPCwinmainW.cpp">
      <Filter>源文件</Filter>
    </ClCompile>
    <ClCompile Include="pch.c">
      <Filter>源文件</Filter>
    </ClCompile>
    <ClCompile Include="pch.cpp">
      <Filter>源文件</Filter>
    </ClCompile>
  </ItemGroup>
  <ItemGroup>
    <ClInclude Include="..\include\LPCwinmain.h">
      <Filter>头文件</Filter>
    </ClInclude>
    <ClInclude Include="..\include\LPCwinmainA.h">
      <Filter>头文件</Filter>
    </ClInclude>
    <ClInclude Include="..\include\LPCwinmainW.h">
      <Filter>头文件</Filter>
    </ClInclude>
    <ClInclude Include="pch.h">
      <Filter>头文件</Filter>
    </ClInclude>
  </ItemGroup>
  <ItemGroup>
    <Filter Include="头文件">
      <UniqueIdentifier>{60400104-2f81-4fdd-869e-d73bd37647f2}</UniqueIdentifier>
    </Filter>
    <Filter Include="源文件">
      <UniqueIdentifier>{2e4606e4-6780-4b64-9cd9-0b9b710a0c9a}</UniqueIdentifier>
    </Filter>
    <Filter Include="资源文件">
      <UniqueIdentifier>{e667e69c-fd9e-45e0-8500-b331141b6ee6}</UniqueIdentifier>
    </Filter>
  </ItemGroup>
</Project>